
Microsoft Visual Studio Solution File, Format Version 12.00
# Visual Studio Version 17
VisualStudioVersion = 17.0.32112.339
MinimumVisualStudioVersion = 10.0.40219.1
Project("{9A19103F-16F7-4668-BE54-9A1E7A4F7556}") = "UmbracoPersonalisationGroups", "PersonalisationGroups\UmbracoPersonalisationGroups.csproj", "{86310F3C-8571-44C5-957E-65A684ED7001}"
EndProject
Project("{9A19103F-16F7-4668-BE54-9A1E7A4F7556}") = "UmbracoPersonalisationGroups.Tests", "PersonalisationGroups.Tests\UmbracoPersonalisationGroups.Tests.csproj", "{4CDFDC2F-332E-4FF0-868F-AFA214563288}"
EndProject
Project("{9A19103F-16F7-4668-BE54-9A1E7A4F7556}") = "TestWebApp", "TestWebApp\TestWebApp.csproj", "{B75A6370-1971-45C9-8C34-5CE4CC8D1C3D}"
EndProject
Project("{9A19103F-16F7-4668-BE54-9A1E7A4F7556}") = "TestWebAppWithPackage", "TestWebAppWithPackage\TestWebAppWithPackage.csproj", "{A5C64711-CFC0-4062-9C06-A9246297E727}"
EndProject
Global
	GlobalSection(SolutionConfigurationPlatforms) = preSolution
		Debug|Any CPU = Debug|Any CPU
		Release|Any CPU = Release|Any CPU
	EndGlobalSection
	GlobalSection(ProjectConfigurationPlatforms) = postSolution
		{86310F3C-8571-44C5-957E-65A684ED7001}.Debug|Any CPU.ActiveCfg = Debug|Any CPU
		{86310F3C-8571-44C5-957E-65A684ED7001}.Debug|Any CPU.Build.0 = Debug|Any CPU
		{86310F3C-8571-44C5-957E-65A684ED7001}.Release|Any CPU.ActiveCfg = Release|Any CPU
		{86310F3C-8571-44C5-957E-65A684ED7001}.Release|Any CPU.Build.0 = Release|Any CPU
		{4CDFDC2F-332E-4FF0-868F-AFA214563288}.Debug|Any CPU.ActiveCfg = Debug|Any CPU
		{4CDFDC2F-332E-4FF0-868F-AFA214563288}.Debug|Any CPU.Build.0 = Debug|Any CPU
		{4CDFDC2F-332E-4FF0-868F-AFA214563288}.Release|Any CPU.ActiveCfg = Release|Any CPU
		{4CDFDC2F-332E-4FF0-868F-AFA214563288}.Release|Any CPU.Build.0 = Release|Any CPU
		{B75A6370-1971-45C9-8C34-5CE4CC8D1C3D}.Debug|Any CPU.ActiveCfg = Debug|Any CPU
		{B75A6370-1971-45C9-8C34-5CE4CC8D1C3D}.Debug|Any CPU.Build.0 = Debug|Any CPU
		{B75A6370-1971-45C9-8C34-5CE4CC8D1C3D}.Release|Any CPU.ActiveCfg = Release|Any CPU
		{B75A6370-1971-45C9-8C34-5CE4CC8D1C3D}.Release|Any CPU.Build.0 = Release|Any CPU
		{A5C64711-CFC0-4062-9C06-A9246297E727}.Debug|Any CPU.ActiveCfg = Debug|Any CPU
		{A5C64711-CFC0-4062-9C06-A9246297E727}.Debug|Any CPU.Build.0 = Debug|Any CPU
		{A5C64711-CFC0-4062-9C06-A9246297E727}.Release|Any CPU.ActiveCfg = Release|Any CPU
		{A5C64711-CFC0-4062-9C06-A9246297E727}.Release|Any CPU.Build.0 = Release|Any CPU
	EndGlobalSection
	GlobalSection(SolutionProperties) = preSolution
		HideSolutionNode = FALSE
	EndGlobalSection
	GlobalSection(ExtensibilityGlobals) = postSolution
		SolutionGuid = {EBF6FE65-AA7E-4C07-8CEA-1ABA7EAC6327}
	EndGlobalSection
EndGlobal
